
Microsoft Visual Studio Solution File, Format Version 12.00
# Visual Studio Version 17
VisualStudioVersion = 17.11.35303.130
MinimumVisualStudioVersion = 10.0.40219.1
Project("{2150E333-8FDC-42A3-9474-1A3956D46DE8}") = "ShopManagement", "ShopManagement", "{2D6D7BA8-A27B-4EBE-B4DE-1C8E7DDF1741}"
EndProject
Project("{2150E333-8FDC-42A3-9474-1A3956D46DE8}") = "SM.Domain", "SM.Domain", "{42F15E51-36F7-4645-B2F6-AA5C981C2BCF}"
EndProject
Project("{9A19103F-16F7-4668-BE54-9A1E7A4F7556}") = "ShopManagement.Domain", "ShopManagement.Domain\ShopManagement.Domain.csproj", "{9F05D92F-48EC-4DB9-BE1D-1437AC82933A}"
EndProject
Project("{9A19103F-16F7-4668-BE54-9A1E7A4F7556}") = "0_Framework", "0_Framework\0_Framework.csproj", "{04DE3246-845F-4CB4-BC79-F8696B2C7ACF}"
EndProject
Project("{2150E333-8FDC-42A3-9474-1A3956D46DE8}") = "SM.Application", "SM.Application", "{406A97E1-6A15-4226-83C0-663BD9E49E20}"
EndProject
Project("{9A19103F-16F7-4668-BE54-9A1E7A4F7556}") = "ShopManagement.Application.Contracts", "ShopManagement.Application.Contracts\ShopManagement.Application.Contracts.csproj", "{A1A04482-E285-48A5-8A51-5B0BD129425C}"
EndProject
Project("{9A19103F-16F7-4668-BE54-9A1E7A4F7556}") = "ShopManagement.Application", "ShopManagement.Application\ShopManagement.Application.csproj", "{2D88F045-79EB-4BA2-A4F9-D61284312BCD}"
EndProject
Project("{2150E333-8FDC-42A3-9474-1A3956D46DE8}") = "SM.Infrasturcture", "SM.Infrasturcture", "{0FDC1DD7-C1F2-40D9-8A60-DEC4EDDBA235}"
EndProject
Project("{9A19103F-16F7-4668-BE54-9A1E7A4F7556}") = "ShopManagement.Infrastructere.EFCore", "ShopManagement.Infrastructere.EfCore\ShopManagement.Infrastructere.EFCore.csproj", "{303A1728-5388-4268-9C2A-61035ACE39A7}"
EndProject
Project("{9A19103F-16F7-4668-BE54-9A1E7A4F7556}") = "ShopManagement.Configuration", "ShopManagement.Configuration\ShopManagement.Configuration.csproj", "{200DED39-675A-4C74-AFC4-96BDD0C2DDE6}"
EndProject
Project("{9A19103F-16F7-4668-BE54-9A1E7A4F7556}") = "ServiceHost", "ServiceHost\ServiceHost.csproj", "{F0C72D69-914C-4686-A163-551F1D13C85C}"
EndProject
Project("{FAE04EC0-301F-11D3-BF4B-00C04F79EFBC}") = "01_LampShade.Query", "01_LampShade.Query\01_LampShade.Query.csproj", "{DC65E359-E66E-4E78-BCBB-29B1A04E9E01}"
EndProject
Global
	GlobalSection(SolutionConfigurationPlatforms) = preSolution
		Debug|Any CPU = Debug|Any CPU
		Release|Any CPU = Release|Any CPU
	EndGlobalSection
	GlobalSection(ProjectConfigurationPlatforms) = postSolution
		{9F05D92F-48EC-4DB9-BE1D-1437AC82933A}.Debug|Any CPU.ActiveCfg = Debug|Any CPU
		{9F05D92F-48EC-4DB9-BE1D-1437AC82933A}.Debug|Any CPU.Build.0 = Debug|Any CPU
		{9F05D92F-48EC-4DB9-BE1D-1437AC82933A}.Release|Any CPU.ActiveCfg = Release|Any CPU
		{9F05D92F-48EC-4DB9-BE1D-1437AC82933A}.Release|Any CPU.Build.0 = Release|Any CPU
		{04DE3246-845F-4CB4-BC79-F8696B2C7ACF}.Debug|Any CPU.ActiveCfg = Debug|Any CPU
		{04DE3246-845F-4CB4-BC79-F8696B2C7ACF}.Debug|Any CPU.Build.0 = Debug|Any CPU
		{04DE3246-845F-4CB4-BC79-F8696B2C7ACF}.Release|Any CPU.ActiveCfg = Release|Any CPU
		{04DE3246-845F-4CB4-BC79-F8696B2C7ACF}.Release|Any CPU.Build.0 = Release|Any CPU
		{A1A04482-E285-48A5-8A51-5B0BD129425C}.Debug|Any CPU.ActiveCfg = Debug|Any CPU
		{A1A04482-E285-48A5-8A51-5B0BD129425C}.Debug|Any CPU.Build.0 = Debug|Any CPU
		{A1A04482-E285-48A5-8A51-5B0BD129425C}.Release|Any CPU.ActiveCfg = Release|Any CPU
		{A1A04482-E285-48A5-8A51-5B0BD129425C}.Release|Any CPU.Build.0 = Release|Any CPU
		{2D88F045-79EB-4BA2-A4F9-D61284312BCD}.Debug|Any CPU.ActiveCfg = Debug|Any CPU
		{2D88F045-79EB-4BA2-A4F9-D61284312BCD}.Debug|Any CPU.Build.0 = Debug|Any CPU
		{2D88F045-79EB-4BA2-A4F9-D61284312BCD}.Release|Any CPU.ActiveCfg = Release|Any CPU
		{2D88F045-79EB-4BA2-A4F9-D61284312BCD}.Release|Any CPU.Build.0 = Release|Any CPU
		{303A1728-5388-4268-9C2A-61035ACE39A7}.Debug|Any CPU.ActiveCfg = Debug|Any CPU
		{303A1728-5388-4268-9C2A-61035ACE39A7}.Debug|Any CPU.Build.0 = Debug|Any CPU
		{303A1728-5388-4268-9C2A-61035ACE39A7}.Release|Any CPU.ActiveCfg = Release|Any CPU
		{303A1728-5388-4268-9C2A-61035ACE39A7}.Release|Any CPU.Build.0 = Release|Any CPU
		{200DED39-675A-4C74-AFC4-96BDD0C2DDE6}.Debug|Any CPU.ActiveCfg = Debug|Any CPU
		{200DED39-675A-4C74-AFC4-96BDD0C2DDE6}.Debug|Any CPU.Build.0 = Debug|Any CPU
		{200DED39-675A-4C74-AFC4-96BDD0C2DDE6}.Release|Any CPU.ActiveCfg = Release|Any CPU
		{200DED39-675A-4C74-AFC4-96BDD0C2DDE6}.Release|Any CPU.Build.0 = Release|Any CPU
		{F0C72D69-914C-4686-A163-551F1D13C85C}.Debug|Any CPU.ActiveCfg = Debug|Any CPU
		{F0C72D69-914C-4686-A163-551F1D13C85C}.Debug|Any CPU.Build.0 = Debug|Any CPU
		{F0C72D69-914C-4686-A163-551F1D13C85C}.Release|Any CPU.ActiveCfg = Release|Any CPU
		{F0C72D69-914C-4686-A163-551F1D13C85C}.Release|Any CPU.Build.0 = Release|Any CPU
		{DC65E359-E66E-4E78-BCBB-29B1A04E9E01}.Debug|Any CPU.ActiveCfg = Debug|Any CPU
		{DC65E359-E66E-4E78-BCBB-29B1A04E9E01}.Debug|Any CPU.Build.0 = Debug|Any CPU
		{DC65E359-E66E-4E78-BCBB-29B1A04E9E01}.Release|Any CPU.ActiveCfg = Release|Any CPU
		{DC65E359-E66E-4E78-BCBB-29B1A04E9E01}.Release|Any CPU.Build.0 = Release|Any CPU
	EndGlobalSection
	GlobalSection(SolutionProperties) = preSolution
		HideSolutionNode = FALSE
	EndGlobalSection
	GlobalSection(NestedProjects) = preSolution
		{42F15E51-36F7-4645-B2F6-AA5C981C2BCF} = {2D6D7BA8-A27B-4EBE-B4DE-1C8E7DDF1741}
		{9F05D92F-48EC-4DB9-BE1D-1437AC82933A} = {42F15E51-36F7-4645-B2F6-AA5C981C2BCF}
		{406A97E1-6A15-4226-83C0-663BD9E49E20} = {2D6D7BA8-A27B-4EBE-B4DE-1C8E7DDF1741}
		{A1A04482-E285-48A5-8A51-5B0BD129425C} = {406A97E1-6A15-4226-83C0-663BD9E49E20}
		{2D88F045-79EB-4BA2-A4F9-D61284312BCD} = {406A97E1-6A15-4226-83C0-663BD9E49E20}
		{0FDC1DD7-C1F2-40D9-8A60-DEC4EDDBA235} = {2D6D7BA8-A27B-4EBE-B4DE-1C8E7DDF1741}
		{303A1728-5388-4268-9C2A-61035ACE39A7} = {0FDC1DD7-C1F2-40D9-8A60-DEC4EDDBA235}
		{200DED39-675A-4C74-AFC4-96BDD0C2DDE6} = {0FDC1DD7-C1F2-40D9-8A60-DEC4EDDBA235}
	EndGlobalSection
	GlobalSection(ExtensibilityGlobals) = postSolution
		SolutionGuid = {F95E87B7-A873-4E8B-9F86-01CEC4384B1D}
	EndGlobalSection
EndGlobal
