
Microsoft Visual Studio Solution File, Format Version 12.00
# Visual Studio Version 17
VisualStudioVersion = 17.11.35303.130
MinimumVisualStudioVersion = 10.0.40219.1
Project("{2150E333-8FDC-42A3-9474-1A3956D46DE8}") = "ShopManagement", "ShopManagement", "{2D6D7BA8-A27B-4EBE-B4DE-1C8E7DDF1741}"
EndProject
Project("{2150E333-8FDC-42A3-9474-1A3956D46DE8}") = "SM.Domain", "SM.Domain", "{42F15E51-36F7-4645-B2F6-AA5C981C2BCF}"
EndProject
Project("{9A19103F-16F7-4668-BE54-9A1E7A4F7556}") = "ShopManagement.Domain", "ShopManagement.Domain\ShopManagement.Domain.csproj", "{9F05D92F-48EC-4DB9-BE1D-1437AC82933A}"
EndProject
Project("{9A19103F-16F7-4668-BE54-9A1E7A4F7556}") = "0_Framework", "0_Framework\0_Framework.csproj", "{04DE3246-845F-4CB4-BC79-F8696B2C7ACF}"
EndProject
Project("{2150E333-8FDC-42A3-9474-1A3956D46DE8}") = "SM.Application", "SM.Application", "{406A97E1-6A15-4226-83C0-663BD9E49E20}"
EndProject
Project("{9A19103F-16F7-4668-BE54-9A1E7A4F7556}") = "ShopManagement.Application.Contracts", "ShopManagement.Application.Contracts\ShopManagement.Application.Contracts.csproj", "{A1A04482-E285-48A5-8A51-5B0BD129425C}"
EndProject
Project("{9A19103F-16F7-4668-BE54-9A1E7A4F7556}") = "ShopManagement.Application", "ShopManagement.Application\ShopManagement.Application.csproj", "{2D88F045-79EB-4BA2-A4F9-D61284312BCD}"
EndProject
Project("{2150E333-8FDC-42A3-9474-1A3956D46DE8}") = "SM.Infrasturcture", "SM.Infrasturcture", "{0FDC1DD7-C1F2-40D9-8A60-DEC4EDDBA235}"
EndProject
Project("{9A19103F-16F7-4668-BE54-9A1E7A4F7556}") = "ShopManagement.Infrastructere.EFCore", "ShopManagement.Infrastructere.EfCore\ShopManagement.Infrastructere.EFCore.csproj", "{303A1728-5388-4268-9C2A-61035ACE39A7}"
EndProject
Project("{9A19103F-16F7-4668-BE54-9A1E7A4F7556}") = "ShopManagement.Configuration", "ShopManagement.Configuration\ShopManagement.Configuration.csproj", "{200DED39-675A-4C74-AFC4-96BDD0C2DDE6}"
EndProject
Project("{9A19103F-16F7-4668-BE54-9A1E7A4F7556}") = "ServiceHost", "ServiceHost\ServiceHost.csproj", "{F0C72D69-914C-4686-A163-551F1D13C85C}"
EndProject
Project("{9A19103F-16F7-4668-BE54-9A1E7A4F7556}") = "01_LampShade.Query", "01_LampShade.Query\01_LampShade.Query.csproj", "{DC65E359-E66E-4E78-BCBB-29B1A04E9E01}"
EndProject
Project("{2150E333-8FDC-42A3-9474-1A3956D46DE8}") = "DiscountManagement", "DiscountManagement", "{A9278AAD-BE92-4567-A8AB-9D6FC9506C84}"
EndProject
Project("{2150E333-8FDC-42A3-9474-1A3956D46DE8}") = "DM.Domain", "DM.Domain", "{35B6162E-1ACC-4FBE-AB5B-3A367640CBE4}"
EndProject
Project("{9A19103F-16F7-4668-BE54-9A1E7A4F7556}") = "DiscountManagement.Domain", "DiscountManagement.Domain\DiscountManagement.Domain.csproj", "{FBE70C6B-0687-4FB0-9FC2-71D4A3E65019}"
EndProject
Project("{2150E333-8FDC-42A3-9474-1A3956D46DE8}") = "DM.Application", "DM.Application", "{DDFA5300-E08B-4E87-9588-F06E269C1EA7}"
EndProject
Project("{9A19103F-16F7-4668-BE54-9A1E7A4F7556}") = "DiscountManagement.Application.Contracts", "DiscountManagement.Application.Contracts\DiscountManagement.Application.Contracts.csproj", "{9B5D94E9-39CF-4B7A-AB76-21F37CBB284C}"
EndProject
Project("{9A19103F-16F7-4668-BE54-9A1E7A4F7556}") = "DiscountManagement.Application", "DiscountManagement.Application\DiscountManagement.Application.csproj", "{F31C9A38-B14A-41AB-ABC7-D0EF402C6C82}"
EndProject
Project("{2150E333-8FDC-42A3-9474-1A3956D46DE8}") = "DM.Infrastructure", "DM.Infrastructure", "{62F1766E-B8F2-43CB-8DEB-5536E439791B}"
EndProject
Project("{9A19103F-16F7-4668-BE54-9A1E7A4F7556}") = "DiscountManagement.Infrastructure.EFCore", "DiscountManagement.Infrastructure.EFCore\DiscountManagement.Infrastructure.EFCore.csproj", "{9DC6470B-78A7-4060-B644-400FEFBD9210}"
EndProject
Project("{9A19103F-16F7-4668-BE54-9A1E7A4F7556}") = "DiscountManagement.Configuration", "DiscountManagement.Configuration\DiscountManagement.Configuration.csproj", "{C0913399-00A7-4654-B5BE-FC494A9A9DDA}"
EndProject
Project("{2150E333-8FDC-42A3-9474-1A3956D46DE8}") = "InventoryManagement", "InventoryManagement", "{13123BE8-7F89-41A2-B24D-E3F0A70C2C37}"
EndProject
Project("{2150E333-8FDC-42A3-9474-1A3956D46DE8}") = "IM.Domain", "IM.Domain", "{8DCAB7F7-0E6C-4E45-9B42-C26DC6CE08A8}"
EndProject
Project("{9A19103F-16F7-4668-BE54-9A1E7A4F7556}") = "InventoryManagement.Domain", "InventoryManagement.Domain\InventoryManagement.Domain.csproj", "{708F1655-3E4C-49E2-B87B-D1C807AC3B19}"
EndProject
Project("{2150E333-8FDC-42A3-9474-1A3956D46DE8}") = "IM.Application", "IM.Application", "{8053CBBA-A8AC-4139-ACDF-04BB5F2E0874}"
EndProject
Project("{9A19103F-16F7-4668-BE54-9A1E7A4F7556}") = "InventoryManagement.Application.Contract", "InventoryManagement.Application.Contract\InventoryManagement.Application.Contract.csproj", "{C2BAE448-C792-485E-80DB-384B65FBA2F8}"
EndProject
Project("{2150E333-8FDC-42A3-9474-1A3956D46DE8}") = "IM.Infrastructure", "IM.Infrastructure", "{E96A1BD4-929D-4DC7-B25B-1F1DF0EFC551}"
EndProject
Project("{9A19103F-16F7-4668-BE54-9A1E7A4F7556}") = "InventoryManagement.Infrasturcture.EFCore", "InventoryManagement.Infrasturcture.EFCore\InventoryManagement.Infrasturcture.EFCore.csproj", "{5C04A882-436A-4BD7-82D0-3DB72322EAED}"
EndProject
Project("{9A19103F-16F7-4668-BE54-9A1E7A4F7556}") = "InventoryManagement.Configuration", "InventoryManagement.Infrastructure.Configuration\InventoryManagement.Configuration.csproj", "{6C12CAD5-0EB8-46B2-B3CE-1B2F8DC9DE6A}"
EndProject
Project("{9A19103F-16F7-4668-BE54-9A1E7A4F7556}") = "InventoryManagement.Application", "InventoryManagement.Application\InventoryManagement.Application.csproj", "{4CE202FB-88F8-428D-B205-3687FC91846B}"
EndProject
Project("{2150E333-8FDC-42A3-9474-1A3956D46DE8}") = "BlogManagement", "BlogManagement", "{9631E21D-D75D-46DF-AF1D-E9243E74BBFA}"
EndProject
Project("{2150E333-8FDC-42A3-9474-1A3956D46DE8}") = "BM.Domain", "BM.Domain", "{EBE210BF-BEC4-40D8-9C6F-F29FF172093B}"
EndProject
Project("{9A19103F-16F7-4668-BE54-9A1E7A4F7556}") = "BlogManagement.Domain", "BlogManagement.Domain\BlogManagement.Domain.csproj", "{9276A7CA-2E07-477C-BAEA-05E9210A5128}"
EndProject
Project("{2150E333-8FDC-42A3-9474-1A3956D46DE8}") = "BM.Application", "BM.Application", "{DE6648B7-2385-4BB2-8CEA-09858A270CE8}"
EndProject
Project("{9A19103F-16F7-4668-BE54-9A1E7A4F7556}") = "BlogManagement.Application.Contract", "BlogManagement.Application.Contract\BlogManagement.Application.Contract.csproj", "{50F45E56-81A3-4544-B5E6-C1282391C83A}"
EndProject
Project("{9A19103F-16F7-4668-BE54-9A1E7A4F7556}") = "BlogManagement.Application", "BlogManagement.Application\BlogManagement.Application.csproj", "{12EBE943-027B-45B2-A05E-B2B57032E076}"
EndProject
Project("{2150E333-8FDC-42A3-9474-1A3956D46DE8}") = "BM.Infrastructure", "BM.Infrastructure", "{B8FA3F75-B3ED-45BF-BD3A-3270149F9A76}"
EndProject
Project("{9A19103F-16F7-4668-BE54-9A1E7A4F7556}") = "BlogManagement.Infrastructure.EFCore", "BlogManagement.Infrastructure.EFCore\BlogManagement.Infrastructure.EFCore.csproj", "{93DDCCE4-FE53-4773-81C8-9EB4C3D2C8EB}"
EndProject
Project("{9A19103F-16F7-4668-BE54-9A1E7A4F7556}") = "BlogManagement.Infrastructure.Configuration", "BlogManagement.Infrastructure.Configure\BlogManagement.Infrastructure.Configuration.csproj", "{F32B1095-D166-4EEB-934D-B20E25C8A01F}"
EndProject
Global
	GlobalSection(SolutionConfigurationPlatforms) = preSolution
		Debug|Any CPU = Debug|Any CPU
		Release|Any CPU = Release|Any CPU
	EndGlobalSection
	GlobalSection(ProjectConfigurationPlatforms) = postSolution
		{9F05D92F-48EC-4DB9-BE1D-1437AC82933A}.Debug|Any CPU.ActiveCfg = Debug|Any CPU
		{9F05D92F-48EC-4DB9-BE1D-1437AC82933A}.Debug|Any CPU.Build.0 = Debug|Any CPU
		{9F05D92F-48EC-4DB9-BE1D-1437AC82933A}.Release|Any CPU.ActiveCfg = Release|Any CPU
		{9F05D92F-48EC-4DB9-BE1D-1437AC82933A}.Release|Any CPU.Build.0 = Release|Any CPU
		{04DE3246-845F-4CB4-BC79-F8696B2C7ACF}.Debug|Any CPU.ActiveCfg = Debug|Any CPU
		{04DE3246-845F-4CB4-BC79-F8696B2C7ACF}.Debug|Any CPU.Build.0 = Debug|Any CPU
		{04DE3246-845F-4CB4-BC79-F8696B2C7ACF}.Release|Any CPU.ActiveCfg = Release|Any CPU
		{04DE3246-845F-4CB4-BC79-F8696B2C7ACF}.Release|Any CPU.Build.0 = Release|Any CPU
		{A1A04482-E285-48A5-8A51-5B0BD129425C}.Debug|Any CPU.ActiveCfg = Debug|Any CPU
		{A1A04482-E285-48A5-8A51-5B0BD129425C}.Debug|Any CPU.Build.0 = Debug|Any CPU
		{A1A04482-E285-48A5-8A51-5B0BD129425C}.Release|Any CPU.ActiveCfg = Release|Any CPU
		{A1A04482-E285-48A5-8A51-5B0BD129425C}.Release|Any CPU.Build.0 = Release|Any CPU
		{2D88F045-79EB-4BA2-A4F9-D61284312BCD}.Debug|Any CPU.ActiveCfg = Debug|Any CPU
		{2D88F045-79EB-4BA2-A4F9-D61284312BCD}.Debug|Any CPU.Build.0 = Debug|Any CPU
		{2D88F045-79EB-4BA2-A4F9-D61284312BCD}.Release|Any CPU.ActiveCfg = Release|Any CPU
		{2D88F045-79EB-4BA2-A4F9-D61284312BCD}.Release|Any CPU.Build.0 = Release|Any CPU
		{303A1728-5388-4268-9C2A-61035ACE39A7}.Debug|Any CPU.ActiveCfg = Debug|Any CPU
		{303A1728-5388-4268-9C2A-61035ACE39A7}.Debug|Any CPU.Build.0 = Debug|Any CPU
		{303A1728-5388-4268-9C2A-61035ACE39A7}.Release|Any CPU.ActiveCfg = Release|Any CPU
		{303A1728-5388-4268-9C2A-61035ACE39A7}.Release|Any CPU.Build.0 = Release|Any CPU
		{200DED39-675A-4C74-AFC4-96BDD0C2DDE6}.Debug|Any CPU.ActiveCfg = Debug|Any CPU
		{200DED39-675A-4C74-AFC4-96BDD0C2DDE6}.Debug|Any CPU.Build.0 = Debug|Any CPU
		{200DED39-675A-4C74-AFC4-96BDD0C2DDE6}.Release|Any CPU.ActiveCfg = Release|Any CPU
		{200DED39-675A-4C74-AFC4-96BDD0C2DDE6}.Release|Any CPU.Build.0 = Release|Any CPU
		{F0C72D69-914C-4686-A163-551F1D13C85C}.Debug|Any CPU.ActiveCfg = Debug|Any CPU
		{F0C72D69-914C-4686-A163-551F1D13C85C}.Debug|Any CPU.Build.0 = Debug|Any CPU
		{F0C72D69-914C-4686-A163-551F1D13C85C}.Release|Any CPU.ActiveCfg = Release|Any CPU
		{F0C72D69-914C-4686-A163-551F1D13C85C}.Release|Any CPU.Build.0 = Release|Any CPU
		{DC65E359-E66E-4E78-BCBB-29B1A04E9E01}.Debug|Any CPU.ActiveCfg = Debug|Any CPU
		{DC65E359-E66E-4E78-BCBB-29B1A04E9E01}.Debug|Any CPU.Build.0 = Debug|Any CPU
		{DC65E359-E66E-4E78-BCBB-29B1A04E9E01}.Release|Any CPU.ActiveCfg = Release|Any CPU
		{DC65E359-E66E-4E78-BCBB-29B1A04E9E01}.Release|Any CPU.Build.0 = Release|Any CPU
		{FBE70C6B-0687-4FB0-9FC2-71D4A3E65019}.Debug|Any CPU.ActiveCfg = Debug|Any CPU
		{FBE70C6B-0687-4FB0-9FC2-71D4A3E65019}.Debug|Any CPU.Build.0 = Debug|Any CPU
		{FBE70C6B-0687-4FB0-9FC2-71D4A3E65019}.Release|Any CPU.ActiveCfg = Release|Any CPU
		{FBE70C6B-0687-4FB0-9FC2-71D4A3E65019}.Release|Any CPU.Build.0 = Release|Any CPU
		{9B5D94E9-39CF-4B7A-AB76-21F37CBB284C}.Debug|Any CPU.ActiveCfg = Debug|Any CPU
		{9B5D94E9-39CF-4B7A-AB76-21F37CBB284C}.Debug|Any CPU.Build.0 = Debug|Any CPU
		{9B5D94E9-39CF-4B7A-AB76-21F37CBB284C}.Release|Any CPU.ActiveCfg = Release|Any CPU
		{9B5D94E9-39CF-4B7A-AB76-21F37CBB284C}.Release|Any CPU.Build.0 = Release|Any CPU
		{F31C9A38-B14A-41AB-ABC7-D0EF402C6C82}.Debug|Any CPU.ActiveCfg = Debug|Any CPU
		{F31C9A38-B14A-41AB-ABC7-D0EF402C6C82}.Debug|Any CPU.Build.0 = Debug|Any CPU
		{F31C9A38-B14A-41AB-ABC7-D0EF402C6C82}.Release|Any CPU.ActiveCfg = Release|Any CPU
		{F31C9A38-B14A-41AB-ABC7-D0EF402C6C82}.Release|Any CPU.Build.0 = Release|Any CPU
		{9DC6470B-78A7-4060-B644-400FEFBD9210}.Debug|Any CPU.ActiveCfg = Debug|Any CPU
		{9DC6470B-78A7-4060-B644-400FEFBD9210}.Debug|Any CPU.Build.0 = Debug|Any CPU
		{9DC6470B-78A7-4060-B644-400FEFBD9210}.Release|Any CPU.ActiveCfg = Release|Any CPU
		{9DC6470B-78A7-4060-B644-400FEFBD9210}.Release|Any CPU.Build.0 = Release|Any CPU
		{C0913399-00A7-4654-B5BE-FC494A9A9DDA}.Debug|Any CPU.ActiveCfg = Debug|Any CPU
		{C0913399-00A7-4654-B5BE-FC494A9A9DDA}.Debug|Any CPU.Build.0 = Debug|Any CPU
		{C0913399-00A7-4654-B5BE-FC494A9A9DDA}.Release|Any CPU.ActiveCfg = Release|Any CPU
		{C0913399-00A7-4654-B5BE-FC494A9A9DDA}.Release|Any CPU.Build.0 = Release|Any CPU
		{708F1655-3E4C-49E2-B87B-D1C807AC3B19}.Debug|Any CPU.ActiveCfg = Debug|Any CPU
		{708F1655-3E4C-49E2-B87B-D1C807AC3B19}.Debug|Any CPU.Build.0 = Debug|Any CPU
		{708F1655-3E4C-49E2-B87B-D1C807AC3B19}.Release|Any CPU.ActiveCfg = Release|Any CPU
		{708F1655-3E4C-49E2-B87B-D1C807AC3B19}.Release|Any CPU.Build.0 = Release|Any CPU
		{C2BAE448-C792-485E-80DB-384B65FBA2F8}.Debug|Any CPU.ActiveCfg = Debug|Any CPU
		{C2BAE448-C792-485E-80DB-384B65FBA2F8}.Debug|Any CPU.Build.0 = Debug|Any CPU
		{C2BAE448-C792-485E-80DB-384B65FBA2F8}.Release|Any CPU.ActiveCfg = Release|Any CPU
		{C2BAE448-C792-485E-80DB-384B65FBA2F8}.Release|Any CPU.Build.0 = Release|Any CPU
		{5C04A882-436A-4BD7-82D0-3DB72322EAED}.Debug|Any CPU.ActiveCfg = Debug|Any CPU
		{5C04A882-436A-4BD7-82D0-3DB72322EAED}.Debug|Any CPU.Build.0 = Debug|Any CPU
		{5C04A882-436A-4BD7-82D0-3DB72322EAED}.Release|Any CPU.ActiveCfg = Release|Any CPU
		{5C04A882-436A-4BD7-82D0-3DB72322EAED}.Release|Any CPU.Build.0 = Release|Any CPU
		{6C12CAD5-0EB8-46B2-B3CE-1B2F8DC9DE6A}.Debug|Any CPU.ActiveCfg = Debug|Any CPU
		{6C12CAD5-0EB8-46B2-B3CE-1B2F8DC9DE6A}.Debug|Any CPU.Build.0 = Debug|Any CPU
		{6C12CAD5-0EB8-46B2-B3CE-1B2F8DC9DE6A}.Release|Any CPU.ActiveCfg = Release|Any CPU
		{6C12CAD5-0EB8-46B2-B3CE-1B2F8DC9DE6A}.Release|Any CPU.Build.0 = Release|Any CPU
		{4CE202FB-88F8-428D-B205-3687FC91846B}.Debug|Any CPU.ActiveCfg = Debug|Any CPU
		{4CE202FB-88F8-428D-B205-3687FC91846B}.Debug|Any CPU.Build.0 = Debug|Any CPU
		{4CE202FB-88F8-428D-B205-3687FC91846B}.Release|Any CPU.ActiveCfg = Release|Any CPU
		{4CE202FB-88F8-428D-B205-3687FC91846B}.Release|Any CPU.Build.0 = Release|Any CPU
		{9276A7CA-2E07-477C-BAEA-05E9210A5128}.Debug|Any CPU.ActiveCfg = Debug|Any CPU
		{9276A7CA-2E07-477C-BAEA-05E9210A5128}.Debug|Any CPU.Build.0 = Debug|Any CPU
		{9276A7CA-2E07-477C-BAEA-05E9210A5128}.Release|Any CPU.ActiveCfg = Release|Any CPU
		{9276A7CA-2E07-477C-BAEA-05E9210A5128}.Release|Any CPU.Build.0 = Release|Any CPU
		{50F45E56-81A3-4544-B5E6-C1282391C83A}.Debug|Any CPU.ActiveCfg = Debug|Any CPU
		{50F45E56-81A3-4544-B5E6-C1282391C83A}.Debug|Any CPU.Build.0 = Debug|Any CPU
		{50F45E56-81A3-4544-B5E6-C1282391C83A}.Release|Any CPU.ActiveCfg = Release|Any CPU
		{50F45E56-81A3-4544-B5E6-C1282391C83A}.Release|Any CPU.Build.0 = Release|Any CPU
		{12EBE943-027B-45B2-A05E-B2B57032E076}.Debug|Any CPU.ActiveCfg = Debug|Any CPU
		{12EBE943-027B-45B2-A05E-B2B57032E076}.Debug|Any CPU.Build.0 = Debug|Any CPU
		{12EBE943-027B-45B2-A05E-B2B57032E076}.Release|Any CPU.ActiveCfg = Release|Any CPU
		{12EBE943-027B-45B2-A05E-B2B57032E076}.Release|Any CPU.Build.0 = Release|Any CPU
		{93DDCCE4-FE53-4773-81C8-9EB4C3D2C8EB}.Debug|Any CPU.ActiveCfg = Debug|Any CPU
		{93DDCCE4-FE53-4773-81C8-9EB4C3D2C8EB}.Debug|Any CPU.Build.0 = Debug|Any CPU
		{93DDCCE4-FE53-4773-81C8-9EB4C3D2C8EB}.Release|Any CPU.ActiveCfg = Release|Any CPU
		{93DDCCE4-FE53-4773-81C8-9EB4C3D2C8EB}.Release|Any CPU.Build.0 = Release|Any CPU
		{F32B1095-D166-4EEB-934D-B20E25C8A01F}.Debug|Any CPU.ActiveCfg = Debug|Any CPU
		{F32B1095-D166-4EEB-934D-B20E25C8A01F}.Debug|Any CPU.Build.0 = Debug|Any CPU
		{F32B1095-D166-4EEB-934D-B20E25C8A01F}.Release|Any CPU.ActiveCfg = Release|Any CPU
		{F32B1095-D166-4EEB-934D-B20E25C8A01F}.Release|Any CPU.Build.0 = Release|Any CPU
	EndGlobalSection
	GlobalSection(SolutionProperties) = preSolution
		HideSolutionNode = FALSE
	EndGlobalSection
	GlobalSection(NestedProjects) = preSolution
		{42F15E51-36F7-4645-B2F6-AA5C981C2BCF} = {2D6D7BA8-A27B-4EBE-B4DE-1C8E7DDF1741}
		{9F05D92F-48EC-4DB9-BE1D-1437AC82933A} = {42F15E51-36F7-4645-B2F6-AA5C981C2BCF}
		{406A97E1-6A15-4226-83C0-663BD9E49E20} = {2D6D7BA8-A27B-4EBE-B4DE-1C8E7DDF1741}
		{A1A04482-E285-48A5-8A51-5B0BD129425C} = {406A97E1-6A15-4226-83C0-663BD9E49E20}
		{2D88F045-79EB-4BA2-A4F9-D61284312BCD} = {406A97E1-6A15-4226-83C0-663BD9E49E20}
		{0FDC1DD7-C1F2-40D9-8A60-DEC4EDDBA235} = {2D6D7BA8-A27B-4EBE-B4DE-1C8E7DDF1741}
		{303A1728-5388-4268-9C2A-61035ACE39A7} = {0FDC1DD7-C1F2-40D9-8A60-DEC4EDDBA235}
		{200DED39-675A-4C74-AFC4-96BDD0C2DDE6} = {0FDC1DD7-C1F2-40D9-8A60-DEC4EDDBA235}
		{35B6162E-1ACC-4FBE-AB5B-3A367640CBE4} = {A9278AAD-BE92-4567-A8AB-9D6FC9506C84}
		{FBE70C6B-0687-4FB0-9FC2-71D4A3E65019} = {35B6162E-1ACC-4FBE-AB5B-3A367640CBE4}
		{DDFA5300-E08B-4E87-9588-F06E269C1EA7} = {A9278AAD-BE92-4567-A8AB-9D6FC9506C84}
		{9B5D94E9-39CF-4B7A-AB76-21F37CBB284C} = {DDFA5300-E08B-4E87-9588-F06E269C1EA7}
		{F31C9A38-B14A-41AB-ABC7-D0EF402C6C82} = {DDFA5300-E08B-4E87-9588-F06E269C1EA7}
		{62F1766E-B8F2-43CB-8DEB-5536E439791B} = {A9278AAD-BE92-4567-A8AB-9D6FC9506C84}
		{9DC6470B-78A7-4060-B644-400FEFBD9210} = {62F1766E-B8F2-43CB-8DEB-5536E439791B}
		{C0913399-00A7-4654-B5BE-FC494A9A9DDA} = {62F1766E-B8F2-43CB-8DEB-5536E439791B}
		{8DCAB7F7-0E6C-4E45-9B42-C26DC6CE08A8} = {13123BE8-7F89-41A2-B24D-E3F0A70C2C37}
		{708F1655-3E4C-49E2-B87B-D1C807AC3B19} = {8DCAB7F7-0E6C-4E45-9B42-C26DC6CE08A8}
		{8053CBBA-A8AC-4139-ACDF-04BB5F2E0874} = {13123BE8-7F89-41A2-B24D-E3F0A70C2C37}
		{C2BAE448-C792-485E-80DB-384B65FBA2F8} = {8053CBBA-A8AC-4139-ACDF-04BB5F2E0874}
		{E96A1BD4-929D-4DC7-B25B-1F1DF0EFC551} = {13123BE8-7F89-41A2-B24D-E3F0A70C2C37}
		{5C04A882-436A-4BD7-82D0-3DB72322EAED} = {E96A1BD4-929D-4DC7-B25B-1F1DF0EFC551}
		{6C12CAD5-0EB8-46B2-B3CE-1B2F8DC9DE6A} = {E96A1BD4-929D-4DC7-B25B-1F1DF0EFC551}
		{4CE202FB-88F8-428D-B205-3687FC91846B} = {8053CBBA-A8AC-4139-ACDF-04BB5F2E0874}
		{EBE210BF-BEC4-40D8-9C6F-F29FF172093B} = {9631E21D-D75D-46DF-AF1D-E9243E74BBFA}
		{9276A7CA-2E07-477C-BAEA-05E9210A5128} = {EBE210BF-BEC4-40D8-9C6F-F29FF172093B}
		{DE6648B7-2385-4BB2-8CEA-09858A270CE8} = {9631E21D-D75D-46DF-AF1D-E9243E74BBFA}
		{50F45E56-81A3-4544-B5E6-C1282391C83A} = {DE6648B7-2385-4BB2-8CEA-09858A270CE8}
		{12EBE943-027B-45B2-A05E-B2B57032E076} = {DE6648B7-2385-4BB2-8CEA-09858A270CE8}
		{B8FA3F75-B3ED-45BF-BD3A-3270149F9A76} = {9631E21D-D75D-46DF-AF1D-E9243E74BBFA}
		{93DDCCE4-FE53-4773-81C8-9EB4C3D2C8EB} = {B8FA3F75-B3ED-45BF-BD3A-3270149F9A76}
		{F32B1095-D166-4EEB-934D-B20E25C8A01F} = {B8FA3F75-B3ED-45BF-BD3A-3270149F9A76}
	EndGlobalSection
	GlobalSection(ExtensibilityGlobals) = postSolution
		SolutionGuid = {F95E87B7-A873-4E8B-9F86-01CEC4384B1D}
	EndGlobalSection
EndGlobal
